
Microsoft Visual Studio Solution File, Format Version 11.00
# Visual Studio 2010
Project("{FAE04EC0-301F-11D3-BF4B-00C04F79EFBC}") = "VR Frogger", "Assembly-CSharp.csproj", "{AC29298E-7600-C9DD-BA61-1EA7B72D63FE}"
EndProject
Project("{FAE04EC0-301F-11D3-BF4B-00C04F79EFBC}") = "VR Frogger", "Assembly-CSharp-Editor.csproj", "{F0C2E1B7-11D9-FF6C-8BBD-0DA05B33B384}"
EndProject
Global
	GlobalSection(SolutionConfigurationPlatforms) = preSolution
		Debug|Any CPU = Debug|Any CPU
		Release|Any CPU = Release|Any CPU
	EndGlobalSection
	GlobalSection(ProjectConfigurationPlatforms) = postSolution
		{AC29298E-7600-C9DD-BA61-1EA7B72D63FE}.Debug|Any CPU.ActiveCfg = Debug|Any CPU
		{AC29298E-7600-C9DD-BA61-1EA7B72D63FE}.Debug|Any CPU.Build.0 = Debug|Any CPU
		{AC29298E-7600-C9DD-BA61-1EA7B72D63FE}.Release|Any CPU.ActiveCfg = Release|Any CPU
		{AC29298E-7600-C9DD-BA61-1EA7B72D63FE}.Release|Any CPU.Build.0 = Release|Any CPU
		{F0C2E1B7-11D9-FF6C-8BBD-0DA05B33B384}.Debug|Any CPU.ActiveCfg = Debug|Any CPU
		{F0C2E1B7-11D9-FF6C-8BBD-0DA05B33B384}.Debug|Any CPU.Build.0 = Debug|Any CPU
		{F0C2E1B7-11D9-FF6C-8BBD-0DA05B33B384}.Release|Any CPU.ActiveCfg = Release|Any CPU
		{F0C2E1B7-11D9-FF6C-8BBD-0DA05B33B384}.Release|Any CPU.Build.0 = Release|Any CPU
	EndGlobalSection
	GlobalSection(SolutionProperties) = preSolution
		HideSolutionNode = FALSE
	EndGlobalSection
	GlobalSection(MonoDevelopProperties) = preSolution
		StartupItem = Assembly-CSharp.csproj
	EndGlobalSection
EndGlobal
